// !$*UTF8*$!
{
	archiveVersion = 1;
	classes = {
	};
	objectVersion = 77;
	objects = {

/* Begin PBXBuildFile section */
		1A34EC372CC4EB8E006BD660 /* TestPlan.xctestplan in Resources */ = {isa = PBXBuildFile; fileRef = 1A34EC362CC4EB8E006BD660 /* TestPlan.xctestplan */; };
		1A3CB0BE2CC3946900B08AEA /* DependencyResolverMocks.swift in Sources */ = {isa = PBXBuildFile; fileRef = 1A3CB0BA2CC3946900B08AEA /* DependencyResolverMocks.swift */; };
		1A3CB0C02CC3946900B08AEA /* DependencyResolverTests.swift in Sources */ = {isa = PBXBuildFile; fileRef = 1A3CB0BB2CC3946900B08AEA /* DependencyResolverTests.swift */; };
		1A3CB0C32CC3946900B08AEA /* DependencyResolver.docc in Sources */ = {isa = PBXBuildFile; fileRef = 1A3CB0B62CC3946900B08AEA /* DependencyResolver.docc */; };
		1A3CB0C52CC3946900B08AEA /* DependencyResolver.swift in Sources */ = {isa = PBXBuildFile; fileRef = 1A3CB0B72CC3946900B08AEA /* DependencyResolver.swift */; };
		1A3CB0DF2CC396BD00B08AEA /* DependencyResolver.h in Headers */ = {isa = PBXBuildFile; fileRef = 1A3CB0B52CC3946900B08AEA /* DependencyResolver.h */; settings = {ATTRIBUTES = (Public, ); }; };
		1A403C242CC4E03600F5236A /* Utils.framework in Frameworks */ = {isa = PBXBuildFile; fileRef = 1A403C1A2CC4E03600F5236A /* Utils.framework */; };
		1AC99C902CC3A00100A81108 /* Navigation.framework in Frameworks */ = {isa = PBXBuildFile; fileRef = 1AC99C862CC3A00000A81108 /* Navigation.framework */; };
		1ACAB87F2CC3871000115F09 /* DependencyResolver.framework in Frameworks */ = {isa = PBXBuildFile; fileRef = 1ACAB85D2CC37AAF00115F09 /* DependencyResolver.framework */; platformFilter = ios; };
/* End PBXBuildFile section */

/* Begin PBXContainerItemProxy section */
		1A403C252CC4E03600F5236A /* PBXContainerItemProxy */ = {
			isa = PBXContainerItemProxy;
			containerPortal = 1ACAB8422CC37A7600115F09 /* Project object */;
			proxyType = 1;
			remoteGlobalIDString = 1A403C192CC4E03600F5236A;
			remoteInfo = Utils;
		};
		1AC99C912CC3A00100A81108 /* PBXContainerItemProxy */ = {
			isa = PBXContainerItemProxy;
			containerPortal = 1ACAB8422CC37A7600115F09 /* Project object */;
			proxyType = 1;
			remoteGlobalIDString = 1AC99C852CC3A00000A81108;
			remoteInfo = Navigation;
		};
		1ACAB8802CC3871000115F09 /* PBXContainerItemProxy */ = {
			isa = PBXContainerItemProxy;
			containerPortal = 1ACAB8422CC37A7600115F09 /* Project object */;
			proxyType = 1;
			remoteGlobalIDString = 1ACAB85C2CC37AAF00115F09;
			remoteInfo = DependencyResolver;
		};
/* End PBXContainerItemProxy section */

/* Begin PBXFileReference section */
		1A34EC362CC4EB8E006BD660 /* TestPlan.xctestplan */ = {isa = PBXFileReference; lastKnownFileType = text; path = TestPlan.xctestplan; sourceTree = "<group>"; };
		1A3CB0B52CC3946900B08AEA /* DependencyResolver.h */ = {isa = PBXFileReference; lastKnownFileType = sourcecode.c.h; path = DependencyResolver.h; sourceTree = "<group>"; };
		1A3CB0B62CC3946900B08AEA /* DependencyResolver.docc */ = {isa = PBXFileReference; lastKnownFileType = folder.documentationcatalog; path = DependencyResolver.docc; sourceTree = "<group>"; };
		1A3CB0B72CC3946900B08AEA /* DependencyResolver.swift */ = {isa = PBXFileReference; lastKnownFileType = sourcecode.swift; path = DependencyResolver.swift; sourceTree = "<group>"; };
		1A3CB0BA2CC3946900B08AEA /* DependencyResolverMocks.swift */ = {isa = PBXFileReference; lastKnownFileType = sourcecode.swift; path = DependencyResolverMocks.swift; sourceTree = "<group>"; };
		1A3CB0BB2CC3946900B08AEA /* DependencyResolverTests.swift */ = {isa = PBXFileReference; lastKnownFileType = sourcecode.swift; path = DependencyResolverTests.swift; sourceTree = "<group>"; };
		1A3CB0C72CC3951F00B08AEA /* Package.swift */ = {isa = PBXFileReference; lastKnownFileType = sourcecode.swift; path = Package.swift; sourceTree = "<group>"; };
		1A403C1A2CC4E03600F5236A /* Utils.framework */ = {isa = PBXFileReference; explicitFileType = wrapper.framework; includeInIndex = 0; path = Utils.framework; sourceTree = BUILT_PRODUCTS_DIR; };
		1A403C232CC4E03600F5236A /* UtilsTests.xctest */ = {isa = PBXFileReference; explicitFileType = wrapper.cfbundle; includeInIndex = 0; path = UtilsTests.xctest; sourceTree = BUILT_PRODUCTS_DIR; };
		1AC99C862CC3A00000A81108 /* Navigation.framework */ = {isa = PBXFileReference; explicitFileType = wrapper.framework; includeInIndex = 0; path = Navigation.framework; sourceTree = BUILT_PRODUCTS_DIR; };
		1AC99C8F2CC3A00100A81108 /* NavigationTests.xctest */ = {isa = PBXFileReference; explicitFileType = wrapper.cfbundle; includeInIndex = 0; path = NavigationTests.xctest; sourceTree = BUILT_PRODUCTS_DIR; };
		1ACAB85D2CC37AAF00115F09 /* DependencyResolver.framework */ = {isa = PBXFileReference; explicitFileType = wrapper.framework; includeInIndex = 0; path = DependencyResolver.framework; sourceTree = BUILT_PRODUCTS_DIR; };
		1ACAB87B2CC3871000115F09 /* DependencyResolverTests.xctest */ = {isa = PBXFileReference; explicitFileType = wrapper.cfbundle; includeInIndex = 0; path = DependencyResolverTests.xctest; sourceTree = BUILT_PRODUCTS_DIR; };
/* End PBXFileReference section */

/* Begin PBXFileSystemSynchronizedBuildFileExceptionSet section */
		1A403C2F2CC4E03600F5236A /* Exceptions for "Utils" folder in "Utils" target */ = {
			isa = PBXFileSystemSynchronizedBuildFileExceptionSet;
			publicHeaders = (
				Utils.h,
			);
			target = 1A403C192CC4E03600F5236A /* Utils */;
		};
		1AC99C9B2CC3A00100A81108 /* Exceptions for "Navigation" folder in "Navigation" target */ = {
			isa = PBXFileSystemSynchronizedBuildFileExceptionSet;
			publicHeaders = (
				Navigation.h,
			);
			target = 1AC99C852CC3A00000A81108 /* Navigation */;
		};
/* End PBXFileSystemSynchronizedBuildFileExceptionSet section */

/* Begin PBXFileSystemSynchronizedRootGroup section */
		1A403C1B2CC4E03600F5236A /* Utils */ = {
			isa = PBXFileSystemSynchronizedRootGroup;
			exceptions = (
				1A403C2F2CC4E03600F5236A /* Exceptions for "Utils" folder in "Utils" target */,
			);
			path = Utils;
			sourceTree = "<group>";
		};
		1A403C272CC4E03600F5236A /* UtilsTests */ = {
			isa = PBXFileSystemSynchronizedRootGroup;
			path = UtilsTests;
			sourceTree = "<group>";
		};
		1AC99C872CC3A00000A81108 /* Navigation */ = {
			isa = PBXFileSystemSynchronizedRootGroup;
			exceptions = (
				1AC99C9B2CC3A00100A81108 /* Exceptions for "Navigation" folder in "Navigation" target */,
			);
			path = Navigation;
			sourceTree = "<group>";
		};
		1AC99C932CC3A00100A81108 /* NavigationTests */ = {
			isa = PBXFileSystemSynchronizedRootGroup;
			path = NavigationTests;
			sourceTree = "<group>";
		};
/* End PBXFileSystemSynchronizedRootGroup section */

/* Begin PBXFrameworksBuildPhase section */
		1A403C172CC4E03600F5236A /* Frameworks */ = {
			isa = PBXFrameworksBuildPhase;
			buildActionMask = 2147483647;
			files = (
			);
			runOnlyForDeploymentPostprocessing = 0;
		};
		1A403C202CC4E03600F5236A /* Frameworks */ = {
			isa = PBXFrameworksBuildPhase;
			buildActionMask = 2147483647;
			files = (
				1A403C242CC4E03600F5236A /* Utils.framework in Frameworks */,
			);
			runOnlyForDeploymentPostprocessing = 0;
		};
		1AC99C832CC3A00000A81108 /* Frameworks */ = {
			isa = PBXFrameworksBuildPhase;
			buildActionMask = 2147483647;
			files = (
			);
			runOnlyForDeploymentPostprocessing = 0;
		};
		1AC99C8C2CC3A00100A81108 /* Frameworks */ = {
			isa = PBXFrameworksBuildPhase;
			buildActionMask = 2147483647;
			files = (
				1AC99C902CC3A00100A81108 /* Navigation.framework in Frameworks */,
			);
			runOnlyForDeploymentPostprocessing = 0;
		};
		1ACAB85A2CC37AAF00115F09 /* Frameworks */ = {
			isa = PBXFrameworksBuildPhase;
			buildActionMask = 2147483647;
			files = (
			);
			runOnlyForDeploymentPostprocessing = 0;
		};
		1ACAB8782CC3871000115F09 /* Frameworks */ = {
			isa = PBXFrameworksBuildPhase;
			buildActionMask = 2147483647;
			files = (
				1ACAB87F2CC3871000115F09 /* DependencyResolver.framework in Frameworks */,
			);
			runOnlyForDeploymentPostprocessing = 0;
		};
/* End PBXFrameworksBuildPhase section */

/* Begin PBXGroup section */
		1A3CB0B82CC3946900B08AEA /* DependencyResolver */ = {
			isa = PBXGroup;
			children = (
				1A3CB0B52CC3946900B08AEA /* DependencyResolver.h */,
				1A3CB0B62CC3946900B08AEA /* DependencyResolver.docc */,
				1A3CB0B72CC3946900B08AEA /* DependencyResolver.swift */,
			);
			path = DependencyResolver;
			sourceTree = "<group>";
		};
		1A3CB0B92CC3946900B08AEA /* Sources */ = {
			isa = PBXGroup;
			children = (
				1A3CB0B82CC3946900B08AEA /* DependencyResolver */,
				1AC99C872CC3A00000A81108 /* Navigation */,
				1A403C1B2CC4E03600F5236A /* Utils */,
			);
			path = Sources;
			sourceTree = "<group>";
		};
		1A3CB0BC2CC3946900B08AEA /* DependencyResolverTests */ = {
			isa = PBXGroup;
			children = (
				1A3CB0BA2CC3946900B08AEA /* DependencyResolverMocks.swift */,
				1A3CB0BB2CC3946900B08AEA /* DependencyResolverTests.swift */,
			);
			path = DependencyResolverTests;
			sourceTree = "<group>";
		};
		1A3CB0BD2CC3946900B08AEA /* Tests */ = {
			isa = PBXGroup;
			children = (
				1A3CB0BC2CC3946900B08AEA /* DependencyResolverTests */,
				1AC99C932CC3A00100A81108 /* NavigationTests */,
				1A403C272CC4E03600F5236A /* UtilsTests */,
				1A34EC362CC4EB8E006BD660 /* TestPlan.xctestplan */,
			);
			path = Tests;
			sourceTree = "<group>";
		};
		1ACAB8412CC37A7600115F09 = {
			isa = PBXGroup;
			children = (
				1A3CB0C72CC3951F00B08AEA /* Package.swift */,
				1A3CB0B92CC3946900B08AEA /* Sources */,
				1A3CB0BD2CC3946900B08AEA /* Tests */,
				1ACAB84C2CC37A7600115F09 /* Products */,
			);
			sourceTree = "<group>";
		};
		1ACAB84C2CC37A7600115F09 /* Products */ = {
			isa = PBXGroup;
			children = (
				1ACAB85D2CC37AAF00115F09 /* DependencyResolver.framework */,
				1ACAB87B2CC3871000115F09 /* DependencyResolverTests.xctest */,
				1AC99C862CC3A00000A81108 /* Navigation.framework */,
				1AC99C8F2CC3A00100A81108 /* NavigationTests.xctest */,
				1A403C1A2CC4E03600F5236A /* Utils.framework */,
				1A403C232CC4E03600F5236A /* UtilsTests.xctest */,
			);
			name = Products;
			sourceTree = "<group>";
		};
/* End PBXGroup section */

/* Begin PBXHeadersBuildPhase section */
		1A403C152CC4E03600F5236A /* Headers */ = {
			isa = PBXHeadersBuildPhase;
			buildActionMask = 2147483647;
			files = (
			);
			runOnlyForDeploymentPostprocessing = 0;
		};
		1AC99C812CC3A00000A81108 /* Headers */ = {
			isa = PBXHeadersBuildPhase;
			buildActionMask = 2147483647;
			files = (
			);
			runOnlyForDeploymentPostprocessing = 0;
		};
		1ACAB8582CC37AAF00115F09 /* Headers */ = {
			isa = PBXHeadersBuildPhase;
			buildActionMask = 2147483647;
			files = (
				1A3CB0DF2CC396BD00B08AEA /* DependencyResolver.h in Headers */,
			);
			runOnlyForDeploymentPostprocessing = 0;
		};
/* End PBXHeadersBuildPhase section */

/* Begin PBXNativeTarget section */
		1A403C192CC4E03600F5236A /* Utils */ = {
			isa = PBXNativeTarget;
			buildConfigurationList = 1A403C302CC4E03600F5236A /* Build configuration list for PBXNativeTarget "Utils" */;
			buildPhases = (
				1A403C152CC4E03600F5236A /* Headers */,
				1A403C162CC4E03600F5236A /* Sources */,
				1A403C172CC4E03600F5236A /* Frameworks */,
				1A403C182CC4E03600F5236A /* Resources */,
			);
			buildRules = (
			);
			dependencies = (
				1AE28AFB2CC6BEDB00E18C97 /* PBXTargetDependency */,
			);
			fileSystemSynchronizedGroups = (
				1A403C1B2CC4E03600F5236A /* Utils */,
			);
			name = Utils;
			packageProductDependencies = (
			);
			productName = Utils;
			productReference = 1A403C1A2CC4E03600F5236A /* Utils.framework */;
			productType = "com.apple.product-type.framework";
		};
		1A403C222CC4E03600F5236A /* UtilsTests */ = {
			isa = PBXNativeTarget;
			buildConfigurationList = 1A403C312CC4E03600F5236A /* Build configuration list for PBXNativeTarget "UtilsTests" */;
			buildPhases = (
				1A403C1F2CC4E03600F5236A /* Sources */,
				1A403C202CC4E03600F5236A /* Frameworks */,
				1A403C212CC4E03600F5236A /* Resources */,
			);
			buildRules = (
			);
			dependencies = (
				1AE28AFD2CC6BEDF00E18C97 /* PBXTargetDependency */,
				1A403C262CC4E03600F5236A /* PBXTargetDependency */,
			);
			fileSystemSynchronizedGroups = (
				1A403C272CC4E03600F5236A /* UtilsTests */,
			);
			name = UtilsTests;
			packageProductDependencies = (
			);
			productName = UtilsTests;
			productReference = 1A403C232CC4E03600F5236A /* UtilsTests.xctest */;
			productType = "com.apple.product-type.bundle.unit-test";
		};
		1AC99C852CC3A00000A81108 /* Navigation */ = {
			isa = PBXNativeTarget;
			buildConfigurationList = 1AC99C9C2CC3A00100A81108 /* Build configuration list for PBXNativeTarget "Navigation" */;
			buildPhases = (
				1AC99C812CC3A00000A81108 /* Headers */,
				1AC99C822CC3A00000A81108 /* Sources */,
				1AC99C832CC3A00000A81108 /* Frameworks */,
				1AC99C842CC3A00000A81108 /* Resources */,
			);
			buildRules = (
			);
			dependencies = (
				1AE28AF72CC6BED400E18C97 /* PBXTargetDependency */,
			);
			fileSystemSynchronizedGroups = (
				1AC99C872CC3A00000A81108 /* Navigation */,
			);
			name = Navigation;
			packageProductDependencies = (
			);
			productName = Navigation;
			productReference = 1AC99C862CC3A00000A81108 /* Navigation.framework */;
			productType = "com.apple.product-type.framework";
		};
		1AC99C8E2CC3A00100A81108 /* NavigationTests */ = {
			isa = PBXNativeTarget;
			buildConfigurationList = 1AC99C9D2CC3A00100A81108 /* Build configuration list for PBXNativeTarget "NavigationTests" */;
			buildPhases = (
				1AC99C8B2CC3A00100A81108 /* Sources */,
				1AC99C8C2CC3A00100A81108 /* Frameworks */,
				1AC99C8D2CC3A00100A81108 /* Resources */,
			);
			buildRules = (
			);
			dependencies = (
				1AE28AF92CC6BED800E18C97 /* PBXTargetDependency */,
				1AC99C922CC3A00100A81108 /* PBXTargetDependency */,
			);
			fileSystemSynchronizedGroups = (
				1AC99C932CC3A00100A81108 /* NavigationTests */,
			);
			name = NavigationTests;
			packageProductDependencies = (
			);
			productName = NavigationTests;
			productReference = 1AC99C8F2CC3A00100A81108 /* NavigationTests.xctest */;
			productType = "com.apple.product-type.bundle.unit-test";
		};
		1ACAB85C2CC37AAF00115F09 /* DependencyResolver */ = {
			isa = PBXNativeTarget;
			buildConfigurationList = 1ACAB8642CC37AAF00115F09 /* Build configuration list for PBXNativeTarget "DependencyResolver" */;
			buildPhases = (
				1ACAB8582CC37AAF00115F09 /* Headers */,
				1ACAB8592CC37AAF00115F09 /* Sources */,
				1ACAB85A2CC37AAF00115F09 /* Frameworks */,
				1ACAB85B2CC37AAF00115F09 /* Resources */,
			);
			buildRules = (
			);
			dependencies = (
				1AE28AF32CC6BEC800E18C97 /* PBXTargetDependency */,
			);
			name = DependencyResolver;
			packageProductDependencies = (
			);
			productName = DependencyResolver;
			productReference = 1ACAB85D2CC37AAF00115F09 /* DependencyResolver.framework */;
			productType = "com.apple.product-type.framework";
		};
		1ACAB87A2CC3871000115F09 /* DependencyResolverTests */ = {
			isa = PBXNativeTarget;
			buildConfigurationList = 1ACAB8822CC3871000115F09 /* Build configuration list for PBXNativeTarget "DependencyResolverTests" */;
			buildPhases = (
				1ACAB8772CC3871000115F09 /* Sources */,
				1ACAB8782CC3871000115F09 /* Frameworks */,
				1ACAB8792CC3871000115F09 /* Resources */,
			);
			buildRules = (
			);
			dependencies = (
				1AE28AF52CC6BECF00E18C97 /* PBXTargetDependency */,
				1ACAB8812CC3871000115F09 /* PBXTargetDependency */,
			);
			name = DependencyResolverTests;
			packageProductDependencies = (
			);
			productName = DependencyResolverTests;
			productReference = 1ACAB87B2CC3871000115F09 /* DependencyResolverTests.xctest */;
			productType = "com.apple.product-type.bundle.unit-test";
		};
/* End PBXNativeTarget section */

/* Begin PBXProject section */
		1ACAB8422CC37A7600115F09 /* Project object */ = {
			isa = PBXProject;
			attributes = {
				BuildIndependentTargetsInParallel = 1;
				LastSwiftUpdateCheck = 1600;
				LastUpgradeCheck = 1600;
				TargetAttributes = {
					1A403C192CC4E03600F5236A = {
						CreatedOnToolsVersion = 16.0;
					};
					1A403C222CC4E03600F5236A = {
						CreatedOnToolsVersion = 16.0;
					};
					1AC99C852CC3A00000A81108 = {
						CreatedOnToolsVersion = 16.0;
					};
					1AC99C8E2CC3A00100A81108 = {
						CreatedOnToolsVersion = 16.0;
					};
					1ACAB85C2CC37AAF00115F09 = {
						CreatedOnToolsVersion = 16.0;
					};
					1ACAB87A2CC3871000115F09 = {
						CreatedOnToolsVersion = 16.0;
					};
				};
			};
			buildConfigurationList = 1ACAB8452CC37A7600115F09 /* Build configuration list for PBXProject "ChemaUtils" */;
			developmentRegion = en;
			hasScannedForEncodings = 0;
			knownRegions = (
				en,
				Base,
			);
			mainGroup = 1ACAB8412CC37A7600115F09;
			minimizedProjectReferenceProxies = 1;
			packageReferences = (
				1AE28AF12CC6BEB500E18C97 /* XCRemoteSwiftPackageReference "SwiftLintPlugins" */,
			);
			preferredProjectObjectVersion = 77;
			productRefGroup = 1ACAB84C2CC37A7600115F09 /* Products */;
			projectDirPath = "";
			projectRoot = "";
			targets = (
				1ACAB85C2CC37AAF00115F09 /* DependencyResolver */,
				1ACAB87A2CC3871000115F09 /* DependencyResolverTests */,
				1AC99C852CC3A00000A81108 /* Navigation */,
				1AC99C8E2CC3A00100A81108 /* NavigationTests */,
				1A403C192CC4E03600F5236A /* Utils */,
				1A403C222CC4E03600F5236A /* UtilsTests */,
			);
		};
/* End PBXProject section */

/* Begin PBXResourcesBuildPhase section */
		1A403C182CC4E03600F5236A /* Resources */ = {
			isa = PBXResourcesBuildPhase;
			buildActionMask = 2147483647;
			files = (
			);
			runOnlyForDeploymentPostprocessing = 0;
		};
		1A403C212CC4E03600F5236A /* Resources */ = {
			isa = PBXResourcesBuildPhase;
			buildActionMask = 2147483647;
			files = (
			);
			runOnlyForDeploymentPostprocessing = 0;
		};
		1AC99C842CC3A00000A81108 /* Resources */ = {
			isa = PBXResourcesBuildPhase;
			buildActionMask = 2147483647;
			files = (
			);
			runOnlyForDeploymentPostprocessing = 0;
		};
		1AC99C8D2CC3A00100A81108 /* Resources */ = {
			isa = PBXResourcesBuildPhase;
			buildActionMask = 2147483647;
			files = (
				1A34EC372CC4EB8E006BD660 /* TestPlan.xctestplan in Resources */,
			);
			runOnlyForDeploymentPostprocessing = 0;
		};
		1ACAB85B2CC37AAF00115F09 /* Resources */ = {
			isa = PBXResourcesBuildPhase;
			buildActionMask = 2147483647;
			files = (
			);
			runOnlyForDeploymentPostprocessing = 0;
		};
		1ACAB8792CC3871000115F09 /* Resources */ = {
			isa = PBXResourcesBuildPhase;
			buildActionMask = 2147483647;
			files = (
			);
			runOnlyForDeploymentPostprocessing = 0;
		};
/* End PBXResourcesBuildPhase section */

/* Begin PBXSourcesBuildPhase section */
		1A403C162CC4E03600F5236A /* Sources */ = {
			isa = PBXSourcesBuildPhase;
			buildActionMask = 2147483647;
			files = (
			);
			runOnlyForDeploymentPostprocessing = 0;
		};
		1A403C1F2CC4E03600F5236A /* Sources */ = {
			isa = PBXSourcesBuildPhase;
			buildActionMask = 2147483647;
			files = (
			);
			runOnlyForDeploymentPostprocessing = 0;
		};
		1AC99C822CC3A00000A81108 /* Sources */ = {
			isa = PBXSourcesBuildPhase;
			buildActionMask = 2147483647;
			files = (
			);
			runOnlyForDeploymentPostprocessing = 0;
		};
		1AC99C8B2CC3A00100A81108 /* Sources */ = {
			isa = PBXSourcesBuildPhase;
			buildActionMask = 2147483647;
			files = (
			);
			runOnlyForDeploymentPostprocessing = 0;
		};
		1ACAB8592CC37AAF00115F09 /* Sources */ = {
			isa = PBXSourcesBuildPhase;
			buildActionMask = 2147483647;
			files = (
				1A3CB0C32CC3946900B08AEA /* DependencyResolver.docc in Sources */,
				1A3CB0C52CC3946900B08AEA /* DependencyResolver.swift in Sources */,
			);
			runOnlyForDeploymentPostprocessing = 0;
		};
		1ACAB8772CC3871000115F09 /* Sources */ = {
			isa = PBXSourcesBuildPhase;
			buildActionMask = 2147483647;
			files = (
				1A3CB0BE2CC3946900B08AEA /* DependencyResolverMocks.swift in Sources */,
				1A3CB0C02CC3946900B08AEA /* DependencyResolverTests.swift in Sources */,
			);
			runOnlyForDeploymentPostprocessing = 0;
		};
/* End PBXSourcesBuildPhase section */

/* Begin PBXTargetDependency section */
		1A403C262CC4E03600F5236A /* PBXTargetDependency */ = {
			isa = PBXTargetDependency;
			target = 1A403C192CC4E03600F5236A /* Utils */;
			targetProxy = 1A403C252CC4E03600F5236A /* PBXContainerItemProxy */;
		};
		1AC99C922CC3A00100A81108 /* PBXTargetDependency */ = {
			isa = PBXTargetDependency;
			target = 1AC99C852CC3A00000A81108 /* Navigation */;
			targetProxy = 1AC99C912CC3A00100A81108 /* PBXContainerItemProxy */;
		};
		1ACAB8812CC3871000115F09 /* PBXTargetDependency */ = {
			isa = PBXTargetDependency;
			platformFilter = ios;
			target = 1ACAB85C2CC37AAF00115F09 /* DependencyResolver */;
			targetProxy = 1ACAB8802CC3871000115F09 /* PBXContainerItemProxy */;
		};
		1AE28AF32CC6BEC800E18C97 /* PBXTargetDependency */ = {
			isa = PBXTargetDependency;
			productRef = 1AE28AF22CC6BEC800E18C97 /* SwiftLintBuildToolPlugin */;
		};
		1AE28AF52CC6BECF00E18C97 /* PBXTargetDependency */ = {
			isa = PBXTargetDependency;
			productRef = 1AE28AF42CC6BECF00E18C97 /* SwiftLintBuildToolPlugin */;
		};
		1AE28AF72CC6BED400E18C97 /* PBXTargetDependency */ = {
			isa = PBXTargetDependency;
			productRef = 1AE28AF62CC6BED400E18C97 /* SwiftLintBuildToolPlugin */;
		};
		1AE28AF92CC6BED800E18C97 /* PBXTargetDependency */ = {
			isa = PBXTargetDependency;
			productRef = 1AE28AF82CC6BED800E18C97 /* SwiftLintBuildToolPlugin */;
		};
		1AE28AFB2CC6BEDB00E18C97 /* PBXTargetDependency */ = {
			isa = PBXTargetDependency;
			productRef = 1AE28AFA2CC6BEDB00E18C97 /* SwiftLintBuildToolPlugin */;
		};
		1AE28AFD2CC6BEDF00E18C97 /* PBXTargetDependency */ = {
			isa = PBXTargetDependency;
			productRef = 1AE28AFC2CC6BEDF00E18C97 /* SwiftLintBuildToolPlugin */;
		};
/* End PBXTargetDependency section */

/* Begin XCBuildConfiguration section */
		1A403C2B2CC4E03600F5236A /* Debug */ = {
			isa = XCBuildConfiguration;
			buildSettings = {
				BUILD_LIBRARY_FOR_DISTRIBUTION = YES;
				CODE_SIGN_STYLE = Automatic;
				CURRENT_PROJECT_VERSION = 1;
				DEFINES_MODULE = YES;
				DEVELOPMENT_TEAM = 85YP73WK35;
				DYLIB_COMPATIBILITY_VERSION = 1;
				DYLIB_CURRENT_VERSION = 1;
				DYLIB_INSTALL_NAME_BASE = "@rpath";
				ENABLE_MODULE_VERIFIER = YES;
				GENERATE_INFOPLIST_FILE = YES;
				INFOPLIST_KEY_NSHumanReadableCopyright = "";
				INSTALL_PATH = "$(LOCAL_LIBRARY_DIR)/Frameworks";
				IPHONEOS_DEPLOYMENT_TARGET = 17.0;
				LD_RUNPATH_SEARCH_PATHS = (
					"$(inherited)",
					"@executable_path/Frameworks",
					"@loader_path/Frameworks",
				);
				MARKETING_VERSION = 1.0;
				MODULE_VERIFIER_SUPPORTED_LANGUAGES = "objective-c objective-c++";
				MODULE_VERIFIER_SUPPORTED_LANGUAGE_STANDARDS = "gnu17 gnu++20";
				PRODUCT_BUNDLE_IDENTIFIER = com.appoteosis.Utils;
				PRODUCT_NAME = "$(TARGET_NAME:c99extidentifier)";
				SKIP_INSTALL = YES;
				SUPPORTED_PLATFORMS = "iphoneos iphonesimulator";
				SUPPORTS_MACCATALYST = NO;
				SUPPORTS_MAC_DESIGNED_FOR_IPHONE_IPAD = NO;
				SUPPORTS_XR_DESIGNED_FOR_IPHONE_IPAD = NO;
				SWIFT_EMIT_LOC_STRINGS = YES;
				SWIFT_INSTALL_OBJC_HEADER = NO;
				SWIFT_VERSION = 5.0;
				TARGETED_DEVICE_FAMILY = 1;
			};
			name = Debug;
		};
		1A403C2C2CC4E03600F5236A /* Release */ = {
			isa = XCBuildConfiguration;
			buildSettings = {
				BUILD_LIBRARY_FOR_DISTRIBUTION = YES;
				CODE_SIGN_STYLE = Automatic;
				CURRENT_PROJECT_VERSION = 1;
				DEFINES_MODULE = YES;
				DEVELOPMENT_TEAM = 85YP73WK35;
				DYLIB_COMPATIBILITY_VERSION = 1;
				DYLIB_CURRENT_VERSION = 1;
				DYLIB_INSTALL_NAME_BASE = "@rpath";
				ENABLE_MODULE_VERIFIER = YES;
				GENERATE_INFOPLIST_FILE = YES;
				INFOPLIST_KEY_NSHumanReadableCopyright = "";
				INSTALL_PATH = "$(LOCAL_LIBRARY_DIR)/Frameworks";
				IPHONEOS_DEPLOYMENT_TARGET = 17.0;
				LD_RUNPATH_SEARCH_PATHS = (
					"$(inherited)",
					"@executable_path/Frameworks",
					"@loader_path/Frameworks",
				);
				MARKETING_VERSION = 1.0;
				MODULE_VERIFIER_SUPPORTED_LANGUAGES = "objective-c objective-c++";
				MODULE_VERIFIER_SUPPORTED_LANGUAGE_STANDARDS = "gnu17 gnu++20";
				PRODUCT_BUNDLE_IDENTIFIER = com.appoteosis.Utils;
				PRODUCT_NAME = "$(TARGET_NAME:c99extidentifier)";
				SKIP_INSTALL = YES;
				SUPPORTED_PLATFORMS = "iphoneos iphonesimulator";
				SUPPORTS_MACCATALYST = NO;
				SUPPORTS_MAC_DESIGNED_FOR_IPHONE_IPAD = NO;
				SUPPORTS_XR_DESIGNED_FOR_IPHONE_IPAD = NO;
				SWIFT_EMIT_LOC_STRINGS = YES;
				SWIFT_INSTALL_OBJC_HEADER = NO;
				SWIFT_VERSION = 5.0;
				TARGETED_DEVICE_FAMILY = 1;
			};
			name = Release;
		};
		1A403C2D2CC4E03600F5236A /* Debug */ = {
			isa = XCBuildConfiguration;
			buildSettings = {
				CODE_SIGN_STYLE = Automatic;
				CURRENT_PROJECT_VERSION = 1;
				DEVELOPMENT_TEAM = 85YP73WK35;
				GENERATE_INFOPLIST_FILE = YES;
				IPHONEOS_DEPLOYMENT_TARGET = 17.0;
				MARKETING_VERSION = 1.0;
				PRODUCT_BUNDLE_IDENTIFIER = com.appoteosis.UtilsTests;
				PRODUCT_NAME = "$(TARGET_NAME)";
				SUPPORTED_PLATFORMS = "iphoneos iphonesimulator";
				SUPPORTS_MACCATALYST = NO;
				SUPPORTS_MAC_DESIGNED_FOR_IPHONE_IPAD = NO;
				SUPPORTS_XR_DESIGNED_FOR_IPHONE_IPAD = NO;
				SWIFT_EMIT_LOC_STRINGS = NO;
				SWIFT_VERSION = 5.0;
				TARGETED_DEVICE_FAMILY = 1;
			};
			name = Debug;
		};
		1A403C2E2CC4E03600F5236A /* Release */ = {
			isa = XCBuildConfiguration;
			buildSettings = {
				CODE_SIGN_STYLE = Automatic;
				CURRENT_PROJECT_VERSION = 1;
				DEVELOPMENT_TEAM = 85YP73WK35;
				GENERATE_INFOPLIST_FILE = YES;
				IPHONEOS_DEPLOYMENT_TARGET = 17.0;
				MARKETING_VERSION = 1.0;
				PRODUCT_BUNDLE_IDENTIFIER = com.appoteosis.UtilsTests;
				PRODUCT_NAME = "$(TARGET_NAME)";
				SUPPORTED_PLATFORMS = "iphoneos iphonesimulator";
				SUPPORTS_MACCATALYST = NO;
				SUPPORTS_MAC_DESIGNED_FOR_IPHONE_IPAD = NO;
				SUPPORTS_XR_DESIGNED_FOR_IPHONE_IPAD = NO;
				SWIFT_EMIT_LOC_STRINGS = NO;
				SWIFT_VERSION = 5.0;
				TARGETED_DEVICE_FAMILY = 1;
			};
			name = Release;
		};
		1AC99C972CC3A00100A81108 /* Debug */ = {
			isa = XCBuildConfiguration;
			buildSettings = {
				BUILD_LIBRARY_FOR_DISTRIBUTION = YES;
				CODE_SIGN_STYLE = Automatic;
				CURRENT_PROJECT_VERSION = 1;
				DEFINES_MODULE = YES;
				DEVELOPMENT_TEAM = 85YP73WK35;
				DYLIB_COMPATIBILITY_VERSION = 1;
				DYLIB_CURRENT_VERSION = 1;
				DYLIB_INSTALL_NAME_BASE = "@rpath";
				ENABLE_MODULE_VERIFIER = YES;
				GENERATE_INFOPLIST_FILE = YES;
				INFOPLIST_KEY_NSHumanReadableCopyright = "";
				INSTALL_PATH = "$(LOCAL_LIBRARY_DIR)/Frameworks";
				IPHONEOS_DEPLOYMENT_TARGET = 17.0;
				LD_RUNPATH_SEARCH_PATHS = (
					"$(inherited)",
					"@executable_path/Frameworks",
					"@loader_path/Frameworks",
				);
				MARKETING_VERSION = 1.0;
				MODULE_VERIFIER_SUPPORTED_LANGUAGES = "objective-c objective-c++";
				MODULE_VERIFIER_SUPPORTED_LANGUAGE_STANDARDS = "gnu17 gnu++20";
				PRODUCT_BUNDLE_IDENTIFIER = com.appoteosis.Navigation;
				PRODUCT_NAME = "$(TARGET_NAME:c99extidentifier)";
				SKIP_INSTALL = YES;
				SUPPORTED_PLATFORMS = "iphoneos iphonesimulator";
				SUPPORTS_MACCATALYST = NO;
				SUPPORTS_MAC_DESIGNED_FOR_IPHONE_IPAD = NO;
				SUPPORTS_XR_DESIGNED_FOR_IPHONE_IPAD = NO;
				SWIFT_EMIT_LOC_STRINGS = YES;
				SWIFT_INSTALL_OBJC_HEADER = NO;
				SWIFT_VERSION = 5.0;
				TARGETED_DEVICE_FAMILY = 1;
			};
			name = Debug;
		};
		1AC99C982CC3A00100A81108 /* Release */ = {
			isa = XCBuildConfiguration;
			buildSettings = {
				BUILD_LIBRARY_FOR_DISTRIBUTION = YES;
				CODE_SIGN_STYLE = Automatic;
				CURRENT_PROJECT_VERSION = 1;
				DEFINES_MODULE = YES;
				DEVELOPMENT_TEAM = 85YP73WK35;
				DYLIB_COMPATIBILITY_VERSION = 1;
				DYLIB_CURRENT_VERSION = 1;
				DYLIB_INSTALL_NAME_BASE = "@rpath";
				ENABLE_MODULE_VERIFIER = YES;
				GENERATE_INFOPLIST_FILE = YES;
				INFOPLIST_KEY_NSHumanReadableCopyright = "";
				INSTALL_PATH = "$(LOCAL_LIBRARY_DIR)/Frameworks";
				IPHONEOS_DEPLOYMENT_TARGET = 17.0;
				LD_RUNPATH_SEARCH_PATHS = (
					"$(inherited)",
					"@executable_path/Frameworks",
					"@loader_path/Frameworks",
				);
				MARKETING_VERSION = 1.0;
				MODULE_VERIFIER_SUPPORTED_LANGUAGES = "objective-c objective-c++";
				MODULE_VERIFIER_SUPPORTED_LANGUAGE_STANDARDS = "gnu17 gnu++20";
				PRODUCT_BUNDLE_IDENTIFIER = com.appoteosis.Navigation;
				PRODUCT_NAME = "$(TARGET_NAME:c99extidentifier)";
				SKIP_INSTALL = YES;
				SUPPORTED_PLATFORMS = "iphoneos iphonesimulator";
				SUPPORTS_MACCATALYST = NO;
				SUPPORTS_MAC_DESIGNED_FOR_IPHONE_IPAD = NO;
				SUPPORTS_XR_DESIGNED_FOR_IPHONE_IPAD = NO;
				SWIFT_EMIT_LOC_STRINGS = YES;
				SWIFT_INSTALL_OBJC_HEADER = NO;
				SWIFT_VERSION = 5.0;
				TARGETED_DEVICE_FAMILY = 1;
			};
			name = Release;
		};
		1AC99C992CC3A00100A81108 /* Debug */ = {
			isa = XCBuildConfiguration;
			buildSettings = {
				CODE_SIGN_STYLE = Automatic;
				CURRENT_PROJECT_VERSION = 1;
				DEVELOPMENT_TEAM = 85YP73WK35;
				GENERATE_INFOPLIST_FILE = YES;
				IPHONEOS_DEPLOYMENT_TARGET = 17.0;
				MARKETING_VERSION = 1.0;
				PRODUCT_BUNDLE_IDENTIFIER = com.appoteosis.NavigationTests;
				PRODUCT_NAME = "$(TARGET_NAME)";
				SUPPORTED_PLATFORMS = "iphoneos iphonesimulator";
				SUPPORTS_MACCATALYST = NO;
				SUPPORTS_MAC_DESIGNED_FOR_IPHONE_IPAD = NO;
				SUPPORTS_XR_DESIGNED_FOR_IPHONE_IPAD = NO;
				SWIFT_EMIT_LOC_STRINGS = NO;
				SWIFT_VERSION = 5.0;
				TARGETED_DEVICE_FAMILY = 1;
			};
			name = Debug;
		};
		1AC99C9A2CC3A00100A81108 /* Release */ = {
			isa = XCBuildConfiguration;
			buildSettings = {
				CODE_SIGN_STYLE = Automatic;
				CURRENT_PROJECT_VERSION = 1;
				DEVELOPMENT_TEAM = 85YP73WK35;
				GENERATE_INFOPLIST_FILE = YES;
				IPHONEOS_DEPLOYMENT_TARGET = 17.0;
				MARKETING_VERSION = 1.0;
				PRODUCT_BUNDLE_IDENTIFIER = com.appoteosis.NavigationTests;
				PRODUCT_NAME = "$(TARGET_NAME)";
				SUPPORTED_PLATFORMS = "iphoneos iphonesimulator";
				SUPPORTS_MACCATALYST = NO;
				SUPPORTS_MAC_DESIGNED_FOR_IPHONE_IPAD = NO;
				SUPPORTS_XR_DESIGNED_FOR_IPHONE_IPAD = NO;
				SWIFT_EMIT_LOC_STRINGS = NO;
				SWIFT_VERSION = 5.0;
				TARGETED_DEVICE_FAMILY = 1;
			};
			name = Release;
		};
		1ACAB8562CC37A7600115F09 /* Debug */ = {
			isa = XCBuildConfiguration;
			buildSettings = {
				ALWAYS_SEARCH_USER_PATHS = NO;
				ASSETCATALOG_COMPILER_GENERATE_SWIFT_ASSET_SYMBOL_EXTENSIONS = YES;
				CLANG_ANALYZER_NONNULL = YES;
				CLANG_ANALYZER_NUMBER_OBJECT_CONVERSION = YES_AGGRESSIVE;
				CLANG_CXX_LANGUAGE_STANDARD = "gnu++20";
				CLANG_ENABLE_MODULES = YES;
				CLANG_ENABLE_OBJC_ARC = YES;
				CLANG_ENABLE_OBJC_WEAK = YES;
				CLANG_WARN_BLOCK_CAPTURE_AUTORELEASING = YES;
				CLANG_WARN_BOOL_CONVERSION = YES;
				CLANG_WARN_COMMA = YES;
				CLANG_WARN_CONSTANT_CONVERSION = YES;
				CLANG_WARN_DEPRECATED_OBJC_IMPLEMENTATIONS = YES;
				CLANG_WARN_DIRECT_OBJC_ISA_USAGE = YES_ERROR;
				CLANG_WARN_DOCUMENTATION_COMMENTS = YES;
				CLANG_WARN_EMPTY_BODY = YES;
				CLANG_WARN_ENUM_CONVERSION = YES;
				CLANG_WARN_INFINITE_RECURSION = YES;
				CLANG_WARN_INT_CONVERSION = YES;
				CLANG_WARN_NON_LITERAL_NULL_CONVERSION = YES;
				CLANG_WARN_OBJC_IMPLICIT_RETAIN_SELF = YES;
				CLANG_WARN_OBJC_LITERAL_CONVERSION = YES;
				CLANG_WARN_OBJC_ROOT_CLASS = YES_ERROR;
				CLANG_WARN_QUOTED_INCLUDE_IN_FRAMEWORK_HEADER = YES;
				CLANG_WARN_RANGE_LOOP_ANALYSIS = YES;
				CLANG_WARN_STRICT_PROTOTYPES = YES;
				CLANG_WARN_SUSPICIOUS_MOVE = YES;
				CLANG_WARN_UNGUARDED_AVAILABILITY = YES_AGGRESSIVE;
				CLANG_WARN_UNREACHABLE_CODE = YES;
				CLANG_WARN__DUPLICATE_METHOD_MATCH = YES;
				COPY_PHASE_STRIP = NO;
				CURRENT_PROJECT_VERSION = 1;
				DEBUG_INFORMATION_FORMAT = dwarf;
				ENABLE_STRICT_OBJC_MSGSEND = YES;
				ENABLE_TESTABILITY = YES;
				ENABLE_USER_SCRIPT_SANDBOXING = YES;
				GCC_C_LANGUAGE_STANDARD = gnu17;
				GCC_DYNAMIC_NO_PIC = NO;
				GCC_NO_COMMON_BLOCKS = YES;
				GCC_OPTIMIZATION_LEVEL = 0;
				GCC_PREPROCESSOR_DEFINITIONS = (
					"DEBUG=1",
					"$(inherited)",
				);
				GCC_WARN_64_TO_32_BIT_CONVERSION = YES;
				GCC_WARN_ABOUT_RETURN_TYPE = YES_ERROR;
				GCC_WARN_UNDECLARED_SELECTOR = YES;
				GCC_WARN_UNINITIALIZED_AUTOS = YES_AGGRESSIVE;
				GCC_WARN_UNUSED_FUNCTION = YES;
				GCC_WARN_UNUSED_VARIABLE = YES;
				IPHONEOS_DEPLOYMENT_TARGET = 17.6;
				LOCALIZATION_PREFERS_STRING_CATALOGS = YES;
				MTL_ENABLE_DEBUG_INFO = INCLUDE_SOURCE;
				MTL_FAST_MATH = YES;
				ONLY_ACTIVE_ARCH = YES;
				SDKROOT = iphoneos;
				SWIFT_ACTIVE_COMPILATION_CONDITIONS = "DEBUG $(inherited)";
				SWIFT_OPTIMIZATION_LEVEL = "-Onone";
				VERSIONING_SYSTEM = "apple-generic";
				VERSION_INFO_PREFIX = "";
			};
			name = Debug;
		};
		1ACAB8572CC37A7600115F09 /* Release */ = {
			isa = XCBuildConfiguration;
			buildSettings = {
				ALWAYS_SEARCH_USER_PATHS = NO;
				ASSETCATALOG_COMPILER_GENERATE_SWIFT_ASSET_SYMBOL_EXTENSIONS = YES;
				CLANG_ANALYZER_NONNULL = YES;
				CLANG_ANALYZER_NUMBER_OBJECT_CONVERSION = YES_AGGRESSIVE;
				CLANG_CXX_LANGUAGE_STANDARD = "gnu++20";
				CLANG_ENABLE_MODULES = YES;
				CLANG_ENABLE_OBJC_ARC = YES;
				CLANG_ENABLE_OBJC_WEAK = YES;
				CLANG_WARN_BLOCK_CAPTURE_AUTORELEASING = YES;
				CLANG_WARN_BOOL_CONVERSION = YES;
				CLANG_WARN_COMMA = YES;
				CLANG_WARN_CONSTANT_CONVERSION = YES;
				CLANG_WARN_DEPRECATED_OBJC_IMPLEMENTATIONS = YES;
				CLANG_WARN_DIRECT_OBJC_ISA_USAGE = YES_ERROR;
				CLANG_WARN_DOCUMENTATION_COMMENTS = YES;
				CLANG_WARN_EMPTY_BODY = YES;
				CLANG_WARN_ENUM_CONVERSION = YES;
				CLANG_WARN_INFINITE_RECURSION = YES;
				CLANG_WARN_INT_CONVERSION = YES;
				CLANG_WARN_NON_LITERAL_NULL_CONVERSION = YES;
				CLANG_WARN_OBJC_IMPLICIT_RETAIN_SELF = YES;
				CLANG_WARN_OBJC_LITERAL_CONVERSION = YES;
				CLANG_WARN_OBJC_ROOT_CLASS = YES_ERROR;
				CLANG_WARN_QUOTED_INCLUDE_IN_FRAMEWORK_HEADER = YES;
				CLANG_WARN_RANGE_LOOP_ANALYSIS = YES;
				CLANG_WARN_STRICT_PROTOTYPES = YES;
				CLANG_WARN_SUSPICIOUS_MOVE = YES;
				CLANG_WARN_UNGUARDED_AVAILABILITY = YES_AGGRESSIVE;
				CLANG_WARN_UNREACHABLE_CODE = YES;
				CLANG_WARN__DUPLICATE_METHOD_MATCH = YES;
				COPY_PHASE_STRIP = NO;
				CURRENT_PROJECT_VERSION = 1;
				DEBUG_INFORMATION_FORMAT = "dwarf-with-dsym";
				ENABLE_NS_ASSERTIONS = NO;
				ENABLE_STRICT_OBJC_MSGSEND = YES;
				ENABLE_USER_SCRIPT_SANDBOXING = YES;
				GCC_C_LANGUAGE_STANDARD = gnu17;
				GCC_NO_COMMON_BLOCKS = YES;
				GCC_WARN_64_TO_32_BIT_CONVERSION = YES;
				GCC_WARN_ABOUT_RETURN_TYPE = YES_ERROR;
				GCC_WARN_UNDECLARED_SELECTOR = YES;
				GCC_WARN_UNINITIALIZED_AUTOS = YES_AGGRESSIVE;
				GCC_WARN_UNUSED_FUNCTION = YES;
				GCC_WARN_UNUSED_VARIABLE = YES;
				IPHONEOS_DEPLOYMENT_TARGET = 17.6;
				LOCALIZATION_PREFERS_STRING_CATALOGS = YES;
				MTL_ENABLE_DEBUG_INFO = NO;
				MTL_FAST_MATH = YES;
				SDKROOT = iphoneos;
				SWIFT_COMPILATION_MODE = wholemodule;
				VALIDATE_PRODUCT = YES;
				VERSIONING_SYSTEM = "apple-generic";
				VERSION_INFO_PREFIX = "";
			};
			name = Release;
		};
		1ACAB8652CC37AAF00115F09 /* Debug */ = {
			isa = XCBuildConfiguration;
			buildSettings = {
				BUILD_LIBRARY_FOR_DISTRIBUTION = YES;
				CODE_SIGN_STYLE = Automatic;
				CURRENT_PROJECT_VERSION = 1;
				DEFINES_MODULE = YES;
				DEVELOPMENT_TEAM = 85YP73WK35;
				DYLIB_COMPATIBILITY_VERSION = 1;
				DYLIB_CURRENT_VERSION = 1;
				DYLIB_INSTALL_NAME_BASE = "@rpath";
				ENABLE_MODULE_VERIFIER = YES;
				GENERATE_INFOPLIST_FILE = YES;
				INFOPLIST_KEY_NSHumanReadableCopyright = "";
				INSTALL_PATH = "$(LOCAL_LIBRARY_DIR)/Frameworks";
				IPHONEOS_DEPLOYMENT_TARGET = 17.0;
				LD_RUNPATH_SEARCH_PATHS = (
					"$(inherited)",
					"@executable_path/Frameworks",
					"@loader_path/Frameworks",
				);
				MARKETING_VERSION = 1.0;
				MODULE_VERIFIER_SUPPORTED_LANGUAGES = "objective-c objective-c++";
				MODULE_VERIFIER_SUPPORTED_LANGUAGE_STANDARDS = "gnu17 gnu++20";
				PRODUCT_BUNDLE_IDENTIFIER = com.appoteosis.DependencyResolver;
				PRODUCT_NAME = "$(TARGET_NAME:c99extidentifier)";
				SKIP_INSTALL = YES;
				SUPPORTED_PLATFORMS = "iphoneos iphonesimulator";
				SUPPORTS_MACCATALYST = NO;
				SUPPORTS_MAC_DESIGNED_FOR_IPHONE_IPAD = NO;
				SUPPORTS_XR_DESIGNED_FOR_IPHONE_IPAD = NO;
				SWIFT_EMIT_LOC_STRINGS = YES;
				SWIFT_INSTALL_OBJC_HEADER = NO;
				SWIFT_VERSION = 5.0;
				TARGETED_DEVICE_FAMILY = 1;
			};
			name = Debug;
		};
		1ACAB8662CC37AAF00115F09 /* Release */ = {
			isa = XCBuildConfiguration;
			buildSettings = {
				BUILD_LIBRARY_FOR_DISTRIBUTION = YES;
				CODE_SIGN_STYLE = Automatic;
				CURRENT_PROJECT_VERSION = 1;
				DEFINES_MODULE = YES;
				DEVELOPMENT_TEAM = 85YP73WK35;
				DYLIB_COMPATIBILITY_VERSION = 1;
				DYLIB_CURRENT_VERSION = 1;
				DYLIB_INSTALL_NAME_BASE = "@rpath";
				ENABLE_MODULE_VERIFIER = YES;
				GENERATE_INFOPLIST_FILE = YES;
				INFOPLIST_KEY_NSHumanReadableCopyright = "";
				INSTALL_PATH = "$(LOCAL_LIBRARY_DIR)/Frameworks";
				IPHONEOS_DEPLOYMENT_TARGET = 17.0;
				LD_RUNPATH_SEARCH_PATHS = (
					"$(inherited)",
					"@executable_path/Frameworks",
					"@loader_path/Frameworks",
				);
				MARKETING_VERSION = 1.0;
				"MODULEMAP_FILE[sdk=*]" = "";
				MODULE_VERIFIER_SUPPORTED_LANGUAGES = "objective-c objective-c++";
				MODULE_VERIFIER_SUPPORTED_LANGUAGE_STANDARDS = "gnu17 gnu++20";
				PRODUCT_BUNDLE_IDENTIFIER = com.appoteosis.DependencyResolver;
				PRODUCT_NAME = "$(TARGET_NAME:c99extidentifier)";
				SKIP_INSTALL = YES;
				SUPPORTED_PLATFORMS = "iphoneos iphonesimulator";
				SUPPORTS_MACCATALYST = NO;
				SUPPORTS_MAC_DESIGNED_FOR_IPHONE_IPAD = NO;
				SUPPORTS_XR_DESIGNED_FOR_IPHONE_IPAD = NO;
				SWIFT_EMIT_LOC_STRINGS = YES;
				SWIFT_INSTALL_OBJC_HEADER = NO;
				SWIFT_VERSION = 5.0;
				TARGETED_DEVICE_FAMILY = 1;
			};
			name = Release;
		};
		1ACAB8832CC3871000115F09 /* Debug */ = {
			isa = XCBuildConfiguration;
			buildSettings = {
				CODE_SIGN_STYLE = Automatic;
				CURRENT_PROJECT_VERSION = 1;
				DEVELOPMENT_TEAM = 85YP73WK35;
				GENERATE_INFOPLIST_FILE = YES;
				IPHONEOS_DEPLOYMENT_TARGET = 17.0;
				MARKETING_VERSION = 1.0;
				PRODUCT_BUNDLE_IDENTIFIER = com.appoteosis.DependencyResolverTests;
				PRODUCT_NAME = "$(TARGET_NAME)";
				SUPPORTED_PLATFORMS = "iphoneos iphonesimulator";
				SUPPORTS_MACCATALYST = NO;
				SUPPORTS_MAC_DESIGNED_FOR_IPHONE_IPAD = NO;
				SUPPORTS_XR_DESIGNED_FOR_IPHONE_IPAD = NO;
				SWIFT_EMIT_LOC_STRINGS = NO;
				SWIFT_VERSION = 5.0;
				TARGETED_DEVICE_FAMILY = 1;
			};
			name = Debug;
		};
		1ACAB8842CC3871000115F09 /* Release */ = {
			isa = XCBuildConfiguration;
			buildSettings = {
				CODE_SIGN_STYLE = Automatic;
				CURRENT_PROJECT_VERSION = 1;
				DEVELOPMENT_TEAM = 85YP73WK35;
				GENERATE_INFOPLIST_FILE = YES;
				IPHONEOS_DEPLOYMENT_TARGET = 17.0;
				MARKETING_VERSION = 1.0;
				PRODUCT_BUNDLE_IDENTIFIER = com.appoteosis.DependencyResolverTests;
				PRODUCT_NAME = "$(TARGET_NAME)";
				SUPPORTED_PLATFORMS = "iphoneos iphonesimulator";
				SUPPORTS_MACCATALYST = NO;
				SUPPORTS_MAC_DESIGNED_FOR_IPHONE_IPAD = NO;
				SUPPORTS_XR_DESIGNED_FOR_IPHONE_IPAD = NO;
				SWIFT_EMIT_LOC_STRINGS = NO;
				SWIFT_VERSION = 5.0;
				TARGETED_DEVICE_FAMILY = 1;
			};
			name = Release;
		};
/* End XCBuildConfiguration section */

/* Begin XCConfigurationList section */
		1A403C302CC4E03600F5236A /* Build configuration list for PBXNativeTarget "Utils" */ = {
			isa = XCConfigurationList;
			buildConfigurations = (
				1A403C2B2CC4E03600F5236A /* Debug */,
				1A403C2C2CC4E03600F5236A /* Release */,
			);
			defaultConfigurationIsVisible = 0;
			defaultConfigurationName = Release;
		};
		1A403C312CC4E03600F5236A /* Build configuration list for PBXNativeTarget "UtilsTests" */ = {
			isa = XCConfigurationList;
			buildConfigurations = (
				1A403C2D2CC4E03600F5236A /* Debug */,
				1A403C2E2CC4E03600F5236A /* Release */,
			);
			defaultConfigurationIsVisible = 0;
			defaultConfigurationName = Release;
		};
		1AC99C9C2CC3A00100A81108 /* Build configuration list for PBXNativeTarget "Navigation" */ = {
			isa = XCConfigurationList;
			buildConfigurations = (
				1AC99C972CC3A00100A81108 /* Debug */,
				1AC99C982CC3A00100A81108 /* Release */,
			);
			defaultConfigurationIsVisible = 0;
			defaultConfigurationName = Release;
		};
		1AC99C9D2CC3A00100A81108 /* Build configuration list for PBXNativeTarget "NavigationTests" */ = {
			isa = XCConfigurationList;
			buildConfigurations = (
				1AC99C992CC3A00100A81108 /* Debug */,
				1AC99C9A2CC3A00100A81108 /* Release */,
			);
			defaultConfigurationIsVisible = 0;
			defaultConfigurationName = Release;
		};
		1ACAB8452CC37A7600115F09 /* Build configuration list for PBXProject "ChemaUtils" */ = {
			isa = XCConfigurationList;
			buildConfigurations = (
				1ACAB8562CC37A7600115F09 /* Debug */,
				1ACAB8572CC37A7600115F09 /* Release */,
			);
			defaultConfigurationIsVisible = 0;
			defaultConfigurationName = Release;
		};
		1ACAB8642CC37AAF00115F09 /* Build configuration list for PBXNativeTarget "DependencyResolver" */ = {
			isa = XCConfigurationList;
			buildConfigurations = (
				1ACAB8652CC37AAF00115F09 /* Debug */,
				1ACAB8662CC37AAF00115F09 /* Release */,
			);
			defaultConfigurationIsVisible = 0;
			defaultConfigurationName = Release;
		};
		1ACAB8822CC3871000115F09 /* Build configuration list for PBXNativeTarget "DependencyResolverTests" */ = {
			isa = XCConfigurationList;
			buildConfigurations = (
				1ACAB8832CC3871000115F09 /* Debug */,
				1ACAB8842CC3871000115F09 /* Release */,
			);
			defaultConfigurationIsVisible = 0;
			defaultConfigurationName = Release;
		};
/* End XCConfigurationList section */

/* Begin XCRemoteSwiftPackageReference section */
		1AE28AF12CC6BEB500E18C97 /* XCRemoteSwiftPackageReference "SwiftLintPlugins" */ = {
			isa = XCRemoteSwiftPackageReference;
			repositoryURL = "https://github.com/SimplyDanny/SwiftLintPlugins";
			requirement = {
				kind = exactVersion;
				version = 0.57.0;
			};
		};
/* End XCRemoteSwiftPackageReference section */

/* Begin XCSwiftPackageProductDependency section */
		1AE28AF22CC6BEC800E18C97 /* SwiftLintBuildToolPlugin */ = {
			isa = XCSwiftPackageProductDependency;
			package = 1AE28AF12CC6BEB500E18C97 /* XCRemoteSwiftPackageReference "SwiftLintPlugins" */;
			productName = "plugin:SwiftLintBuildToolPlugin";
		};
		1AE28AF42CC6BECF00E18C97 /* SwiftLintBuildToolPlugin */ = {
			isa = XCSwiftPackageProductDependency;
			package = 1AE28AF12CC6BEB500E18C97 /* XCRemoteSwiftPackageReference "SwiftLintPlugins" */;
			productName = "plugin:SwiftLintBuildToolPlugin";
		};
		1AE28AF62CC6BED400E18C97 /* SwiftLintBuildToolPlugin */ = {
			isa = XCSwiftPackageProductDependency;
			package = 1AE28AF12CC6BEB500E18C97 /* XCRemoteSwiftPackageReference "SwiftLintPlugins" */;
			productName = "plugin:SwiftLintBuildToolPlugin";
		};
		1AE28AF82CC6BED800E18C97 /* SwiftLintBuildToolPlugin */ = {
			isa = XCSwiftPackageProductDependency;
			package = 1AE28AF12CC6BEB500E18C97 /* XCRemoteSwiftPackageReference "SwiftLintPlugins" */;
			productName = "plugin:SwiftLintBuildToolPlugin";
		};
		1AE28AFA2CC6BEDB00E18C97 /* SwiftLintBuildToolPlugin */ = {
			isa = XCSwiftPackageProductDependency;
			package = 1AE28AF12CC6BEB500E18C97 /* XCRemoteSwiftPackageReference "SwiftLintPlugins" */;
			productName = "plugin:SwiftLintBuildToolPlugin";
		};
		1AE28AFC2CC6BEDF00E18C97 /* SwiftLintBuildToolPlugin */ = {
			isa = XCSwiftPackageProductDependency;
			package = 1AE28AF12CC6BEB500E18C97 /* XCRemoteSwiftPackageReference "SwiftLintPlugins" */;
			productName = "plugin:SwiftLintBuildToolPlugin";
		};
/* End XCSwiftPackageProductDependency section */
	};
	rootObject = 1ACAB8422CC37A7600115F09 /* Project object */;
}
